
Microsoft Visual Studio Solution File, Format Version 12.00
# Visual Studio Version 17
VisualStudioVersion = 17.11.35222.181
MinimumVisualStudioVersion = 10.0.40219.1
Project("{FAE04EC0-301F-11D3-BF4B-00C04F79EFBC}") = "SocialMedia.Project.Model", "SocialMedia.Project.Model\SocialMedia.Project.Model.csproj", "{9FCAD41F-3513-4F89-812F-00524C7FABA6}"
EndProject
Project("{FAE04EC0-301F-11D3-BF4B-00C04F79EFBC}") = "SocialMedia.Project.DAL", "SocialMedia.Project.DAL\SocialMedia.Project.DAL.csproj", "{BB55D932-C3FD-41DC-A40F-56963FF418D3}"
EndProject
Project("{FAE04EC0-301F-11D3-BF4B-00C04F79EFBC}") = "SocialMedia.Project.Main", "SocialMedia.Project.Main\SocialMedia.Project.Main.csproj", "{4847E48E-25B0-4E13-BCAA-DC867E8424D2}"
EndProject
Global
	GlobalSection(SolutionConfigurationPlatforms) = preSolution
		Debug|Any CPU = Debug|Any CPU
		Release|Any CPU = Release|Any CPU
	EndGlobalSection
	GlobalSection(ProjectConfigurationPlatforms) = postSolution
		{9FCAD41F-3513-4F89-812F-00524C7FABA6}.Debug|Any CPU.ActiveCfg = Debug|Any CPU
		{9FCAD41F-3513-4F89-812F-00524C7FABA6}.Debug|Any CPU.Build.0 = Debug|Any CPU
		{9FCAD41F-3513-4F89-812F-00524C7FABA6}.Release|Any CPU.ActiveCfg = Release|Any CPU
		{9FCAD41F-3513-4F89-812F-00524C7FABA6}.Release|Any CPU.Build.0 = Release|Any CPU
		{BB55D932-C3FD-41DC-A40F-56963FF418D3}.Debug|Any CPU.ActiveCfg = Debug|Any CPU
		{BB55D932-C3FD-41DC-A40F-56963FF418D3}.Debug|Any CPU.Build.0 = Debug|Any CPU
		{BB55D932-C3FD-41DC-A40F-56963FF418D3}.Release|Any CPU.ActiveCfg = Release|Any CPU
		{BB55D932-C3FD-41DC-A40F-56963FF418D3}.Release|Any CPU.Build.0 = Release|Any CPU
		{4847E48E-25B0-4E13-BCAA-DC867E8424D2}.Debug|Any CPU.ActiveCfg = Debug|Any CPU
		{4847E48E-25B0-4E13-BCAA-DC867E8424D2}.Debug|Any CPU.Build.0 = Debug|Any CPU
		{4847E48E-25B0-4E13-BCAA-DC867E8424D2}.Release|Any CPU.ActiveCfg = Release|Any CPU
		{4847E48E-25B0-4E13-BCAA-DC867E8424D2}.Release|Any CPU.Build.0 = Release|Any CPU
	EndGlobalSection
	GlobalSection(SolutionProperties) = preSolution
		HideSolutionNode = FALSE
	EndGlobalSection
	GlobalSection(ExtensibilityGlobals) = postSolution
		SolutionGuid = {5A51E43B-C602-42F4-986F-CDFE15D7C97B}
	EndGlobalSection
EndGlobal
